// !$*UTF8*$!
{
	archiveVersion = 1;
	classes = {
	};
	objectVersion = 56;
	objects = {

/* Begin PBXBuildFile section */
		6B7FCD582C1D391300816D9D /* FruitsApp.swift in Sources */ = {isa = PBXBuildFile; fileRef = 6B7FCD572C1D391300816D9D /* FruitsApp.swift */; };
		6B7FCD5A2C1D391300816D9D /* ContentView.swift in Sources */ = {isa = PBXBuildFile; fileRef = 6B7FCD592C1D391300816D9D /* ContentView.swift */; };
		6B7FCD5C2C1D391400816D9D /* Assets.xcassets in Resources */ = {isa = PBXBuildFile; fileRef = 6B7FCD5B2C1D391400816D9D /* Assets.xcassets */; };
		6B7FCD5F2C1D391400816D9D /* Preview Assets.xcassets in Resources */ = {isa = PBXBuildFile; fileRef = 6B7FCD5E2C1D391400816D9D /* Preview Assets.xcassets */; };
		6B7FCD6B2C1D39A700816D9D /* FruitsModel.swift in Sources */ = {isa = PBXBuildFile; fileRef = 6B7FCD6A2C1D39A700816D9D /* FruitsModel.swift */; };
		6B7FCD6D2C1D3A0900816D9D /* FruitsData.swift in Sources */ = {isa = PBXBuildFile; fileRef = 6B7FCD6C2C1D3A0900816D9D /* FruitsData.swift */; };
		6B7FCD6F2C1D3AD800816D9D /* FruitCardView.swift in Sources */ = {isa = PBXBuildFile; fileRef = 6B7FCD6E2C1D3AD800816D9D /* FruitCardView.swift */; };
		6B7FCD732C1D3EA800816D9D /* OnboardingView.swift in Sources */ = {isa = PBXBuildFile; fileRef = 6B7FCD722C1D3EA800816D9D /* OnboardingView.swift */; };
		6B7FCD752C1D4EDA00816D9D /* StartButtonView.swift in Sources */ = {isa = PBXBuildFile; fileRef = 6B7FCD742C1D4EDA00816D9D /* StartButtonView.swift */; };
		6B7FCD772C1D558200816D9D /* FruitRowView.swift in Sources */ = {isa = PBXBuildFile; fileRef = 6B7FCD762C1D558200816D9D /* FruitRowView.swift */; };
/* End PBXBuildFile section */

/* Begin PBXFileReference section */
		6B7FCD542C1D391300816D9D /* Fruits.app */ = {isa = PBXFileReference; explicitFileType = wrapper.application; includeInIndex = 0; path = Fruits.app; sourceTree = BUILT_PRODUCTS_DIR; };
		6B7FCD572C1D391300816D9D /* FruitsApp.swift */ = {isa = PBXFileReference; lastKnownFileType = sourcecode.swift; path = FruitsApp.swift; sourceTree = "<group>"; };
		6B7FCD592C1D391300816D9D /* ContentView.swift */ = {isa = PBXFileReference; lastKnownFileType = sourcecode.swift; path = ContentView.swift; sourceTree = "<group>"; };
		6B7FCD5B2C1D391400816D9D /* Assets.xcassets */ = {isa = PBXFileReference; lastKnownFileType = folder.assetcatalog; path = Assets.xcassets; sourceTree = "<group>"; };
		6B7FCD5E2C1D391400816D9D /* Preview Assets.xcassets */ = {isa = PBXFileReference; lastKnownFileType = folder.assetcatalog; path = "Preview Assets.xcassets"; sourceTree = "<group>"; };
		6B7FCD6A2C1D39A700816D9D /* FruitsModel.swift */ = {isa = PBXFileReference; lastKnownFileType = sourcecode.swift; path = FruitsModel.swift; sourceTree = "<group>"; };
		6B7FCD6C2C1D3A0900816D9D /* FruitsData.swift */ = {isa = PBXFileReference; lastKnownFileType = sourcecode.swift; path = FruitsData.swift; sourceTree = "<group>"; };
		6B7FCD6E2C1D3AD800816D9D /* FruitCardView.swift */ = {isa = PBXFileReference; lastKnownFileType = sourcecode.swift; path = FruitCardView.swift; sourceTree = "<group>"; };
		6B7FCD722C1D3EA800816D9D /* OnboardingView.swift */ = {isa = PBXFileReference; lastKnownFileType = sourcecode.swift; path = OnboardingView.swift; sourceTree = "<group>"; };
		6B7FCD742C1D4EDA00816D9D /* StartButtonView.swift */ = {isa = PBXFileReference; lastKnownFileType = sourcecode.swift; path = StartButtonView.swift; sourceTree = "<group>"; };
		6B7FCD762C1D558200816D9D /* FruitRowView.swift */ = {isa = PBXFileReference; lastKnownFileType = sourcecode.swift; path = FruitRowView.swift; sourceTree = "<group>"; };
/* End PBXFileReference section */

/* Begin PBXFrameworksBuildPhase section */
		6B7FCD512C1D391300816D9D /* Frameworks */ = {
			isa = PBXFrameworksBuildPhase;
			buildActionMask = 2147483647;
			files = (
			);
			runOnlyForDeploymentPostprocessing = 0;
		};
/* End PBXFrameworksBuildPhase section */

/* Begin PBXGroup section */
		6B7FCD4B2C1D391300816D9D = {
			isa = PBXGroup;
			children = (
				6B7FCD562C1D391300816D9D /* Fruits */,
				6B7FCD552C1D391300816D9D /* Products */,
			);
			sourceTree = "<group>";
		};
		6B7FCD552C1D391300816D9D /* Products */ = {
			isa = PBXGroup;
			children = (
				6B7FCD542C1D391300816D9D /* Fruits.app */,
			);
			name = Products;
			sourceTree = "<group>";
		};
		6B7FCD562C1D391300816D9D /* Fruits */ = {
			isa = PBXGroup;
			children = (
				6B7FCD712C1D3E9D00816D9D /* App */,
				6B7FCD702C1D3ADE00816D9D /* View */,
				6B7FCD692C1D399900816D9D /* Data */,
				6B7FCD682C1D399000816D9D /* Model */,
				6B7FCD572C1D391300816D9D /* FruitsApp.swift */,
				6B7FCD592C1D391300816D9D /* ContentView.swift */,
				6B7FCD5B2C1D391400816D9D /* Assets.xcassets */,
				6B7FCD5D2C1D391400816D9D /* Preview Content */,
			);
			path = Fruits;
			sourceTree = "<group>";
		};
		6B7FCD5D2C1D391400816D9D /* Preview Content */ = {
			isa = PBXGroup;
			children = (
				6B7FCD5E2C1D391400816D9D /* Preview Assets.xcassets */,
			);
			path = "Preview Content";
			sourceTree = "<group>";
		};
		6B7FCD682C1D399000816D9D /* Model */ = {
			isa = PBXGroup;
			children = (
				6B7FCD6A2C1D39A700816D9D /* FruitsModel.swift */,
			);
			path = Model;
			sourceTree = "<group>";
		};
		6B7FCD692C1D399900816D9D /* Data */ = {
			isa = PBXGroup;
			children = (
				6B7FCD6C2C1D3A0900816D9D /* FruitsData.swift */,
			);
			path = Data;
			sourceTree = "<group>";
		};
		6B7FCD702C1D3ADE00816D9D /* View */ = {
			isa = PBXGroup;
			children = (
				6B7FCD6E2C1D3AD800816D9D /* FruitCardView.swift */,
				6B7FCD742C1D4EDA00816D9D /* StartButtonView.swift */,
				6B7FCD762C1D558200816D9D /* FruitRowView.swift */,
			);
			path = View;
			sourceTree = "<group>";
		};
		6B7FCD712C1D3E9D00816D9D /* App */ = {
			isa = PBXGroup;
			children = (
				6B7FCD722C1D3EA800816D9D /* OnboardingView.swift */,
			);
			path = App;
			sourceTree = "<group>";
		};
/* End PBXGroup section */

/* Begin PBXNativeTarget section */
		6B7FCD532C1D391300816D9D /* Fruits */ = {
			isa = PBXNativeTarget;
			buildConfigurationList = 6B7FCD622C1D391400816D9D /* Build configuration list for PBXNativeTarget "Fruits" */;
			buildPhases = (
				6B7FCD502C1D391300816D9D /* Sources */,
				6B7FCD512C1D391300816D9D /* Frameworks */,
				6B7FCD522C1D391300816D9D /* Resources */,
			);
			buildRules = (
			);
			dependencies = (
			);
			name = Fruits;
			productName = Fruits;
			productReference = 6B7FCD542C1D391300816D9D /* Fruits.app */;
			productType = "com.apple.product-type.application";
		};
/* End PBXNativeTarget section */

/* Begin PBXProject section */
		6B7FCD4C2C1D391300816D9D /* Project object */ = {
			isa = PBXProject;
			attributes = {
				BuildIndependentTargetsInParallel = 1;
				LastSwiftUpdateCheck = 1400;
				LastUpgradeCheck = 1400;
				TargetAttributes = {
					6B7FCD532C1D391300816D9D = {
						CreatedOnToolsVersion = 14.0;
					};
				};
			};
			buildConfigurationList = 6B7FCD4F2C1D391300816D9D /* Build configuration list for PBXProject "Fruits" */;
			compatibilityVersion = "Xcode 14.0";
			developmentRegion = en;
			hasScannedForEncodings = 0;
			knownRegions = (
				en,
				Base,
			);
			mainGroup = 6B7FCD4B2C1D391300816D9D;
			productRefGroup = 6B7FCD552C1D391300816D9D /* Products */;
			projectDirPath = "";
			projectRoot = "";
			targets = (
				6B7FCD532C1D391300816D9D /* Fruits */,
			);
		};
/* End PBXProject section */

/* Begin PBXResourcesBuildPhase section */
		6B7FCD522C1D391300816D9D /* Resources */ = {
			isa = PBXResourcesBuildPhase;
			buildActionMask = 2147483647;
			files = (
				6B7FCD5F2C1D391400816D9D /* Preview Assets.xcassets in Resources */,
				6B7FCD5C2C1D391400816D9D /* Assets.xcassets in Resources */,
			);
			runOnlyForDeploymentPostprocessing = 0;
		};
/* End PBXResourcesBuildPhase section */

/* Begin PBXSourcesBuildPhase section */
		6B7FCD502C1D391300816D9D /* Sources */ = {
			isa = PBXSourcesBuildPhase;
			buildActionMask = 2147483647;
			files = (
				6B7FCD752C1D4EDA00816D9D /* StartButtonView.swift in Sources */,
				6B7FCD5A2C1D391300816D9D /* ContentView.swift in Sources */,
				6B7FCD772C1D558200816D9D /* FruitRowView.swift in Sources */,
				6B7FCD582C1D391300816D9D /* FruitsApp.swift in Sources */,
				6B7FCD6F2C1D3AD800816D9D /* FruitCardView.swift in Sources */,
				6B7FCD732C1D3EA800816D9D /* OnboardingView.swift in Sources */,
				6B7FCD6D2C1D3A0900816D9D /* FruitsData.swift in Sources */,
				6B7FCD6B2C1D39A700816D9D /* FruitsModel.swift in Sources */,
			);
			runOnlyForDeploymentPostprocessing = 0;
		};
/* End PBXSourcesBuildPhase section */

/* Begin XCBuildConfiguration section */
		6B7FCD602C1D391400816D9D /* Debug */ = {
			isa = XCBuildConfiguration;
			buildSettings = {
				ALWAYS_SEARCH_USER_PATHS = NO;
				CLANG_ANALYZER_NONNULL = YES;
				CLANG_ANALYZER_NUMBER_OBJECT_CONVERSION = YES_AGGRESSIVE;
				CLANG_CXX_LANGUAGE_STANDARD = "gnu++20";
				CLANG_ENABLE_MODULES = YES;
				CLANG_ENABLE_OBJC_ARC = YES;
				CLANG_ENABLE_OBJC_WEAK = YES;
				CLANG_WARN_BLOCK_CAPTURE_AUTORELEASING = YES;
				CLANG_WARN_BOOL_CONVERSION = YES;
				CLANG_WARN_COMMA = YES;
				CLANG_WARN_CONSTANT_CONVERSION = YES;
				CLANG_WARN_DEPRECATED_OBJC_IMPLEMENTATIONS = YES;
				CLANG_WARN_DIRECT_OBJC_ISA_USAGE = YES_ERROR;
				CLANG_WARN_DOCUMENTATION_COMMENTS = YES;
				CLANG_WARN_EMPTY_BODY = YES;
				CLANG_WARN_ENUM_CONVERSION = YES;
				CLANG_WARN_INFINITE_RECURSION = YES;
				CLANG_WARN_INT_CONVERSION = YES;
				CLANG_WARN_NON_LITERAL_NULL_CONVERSION = YES;
				CLANG_WARN_OBJC_IMPLICIT_RETAIN_SELF = YES;
				CLANG_WARN_OBJC_LITERAL_CONVERSION = YES;
				CLANG_WARN_OBJC_ROOT_CLASS = YES_ERROR;
				CLANG_WARN_QUOTED_INCLUDE_IN_FRAMEWORK_HEADER = YES;
				CLANG_WARN_RANGE_LOOP_ANALYSIS = YES;
				CLANG_WARN_STRICT_PROTOTYPES = YES;
				CLANG_WARN_SUSPICIOUS_MOVE = YES;
				CLANG_WARN_UNGUARDED_AVAILABILITY = YES_AGGRESSIVE;
				CLANG_WARN_UNREACHABLE_CODE = YES;
				CLANG_WARN__DUPLICATE_METHOD_MATCH = YES;
				COPY_PHASE_STRIP = NO;
				DEBUG_INFORMATION_FORMAT = dwarf;
				ENABLE_STRICT_OBJC_MSGSEND = YES;
				ENABLE_TESTABILITY = YES;
				GCC_C_LANGUAGE_STANDARD = gnu11;
				GCC_DYNAMIC_NO_PIC = NO;
				GCC_NO_COMMON_BLOCKS = YES;
				GCC_OPTIMIZATION_LEVEL = 0;
				GCC_PREPROCESSOR_DEFINITIONS = (
					"DEBUG=1",
					"$(inherited)",
				);
				GCC_WARN_64_TO_32_BIT_CONVERSION = YES;
				GCC_WARN_ABOUT_RETURN_TYPE = YES_ERROR;
				GCC_WARN_UNDECLARED_SELECTOR = YES;
				GCC_WARN_UNINITIALIZED_AUTOS = YES_AGGRESSIVE;
				GCC_WARN_UNUSED_FUNCTION = YES;
				GCC_WARN_UNUSED_VARIABLE = YES;
				IPHONEOS_DEPLOYMENT_TARGET = 16.0;
				MTL_ENABLE_DEBUG_INFO = INCLUDE_SOURCE;
				MTL_FAST_MATH = YES;
				ONLY_ACTIVE_ARCH = YES;
				SDKROOT = iphoneos;
				SWIFT_ACTIVE_COMPILATION_CONDITIONS = DEBUG;
				SWIFT_OPTIMIZATION_LEVEL = "-Onone";
			};
			name = Debug;
		};
		6B7FCD612C1D391400816D9D /* Release */ = {
			isa = XCBuildConfiguration;
			buildSettings = {
				ALWAYS_SEARCH_USER_PATHS = NO;
				CLANG_ANALYZER_NONNULL = YES;
				CLANG_ANALYZER_NUMBER_OBJECT_CONVERSION = YES_AGGRESSIVE;
				CLANG_CXX_LANGUAGE_STANDARD = "gnu++20";
				CLANG_ENABLE_MODULES = YES;
				CLANG_ENABLE_OBJC_ARC = YES;
				CLANG_ENABLE_OBJC_WEAK = YES;
				CLANG_WARN_BLOCK_CAPTURE_AUTORELEASING = YES;
				CLANG_WARN_BOOL_CONVERSION = YES;
				CLANG_WARN_COMMA = YES;
				CLANG_WARN_CONSTANT_CONVERSION = YES;
				CLANG_WARN_DEPRECATED_OBJC_IMPLEMENTATIONS = YES;
				CLANG_WARN_DIRECT_OBJC_ISA_USAGE = YES_ERROR;
				CLANG_WARN_DOCUMENTATION_COMMENTS = YES;
				CLANG_WARN_EMPTY_BODY = YES;
				CLANG_WARN_ENUM_CONVERSION = YES;
				CLANG_WARN_INFINITE_RECURSION = YES;
				CLANG_WARN_INT_CONVERSION = YES;
				CLANG_WARN_NON_LITERAL_NULL_CONVERSION = YES;
				CLANG_WARN_OBJC_IMPLICIT_RETAIN_SELF = YES;
				CLANG_WARN_OBJC_LITERAL_CONVERSION = YES;
				CLANG_WARN_OBJC_ROOT_CLASS = YES_ERROR;
				CLANG_WARN_QUOTED_INCLUDE_IN_FRAMEWORK_HEADER = YES;
				CLANG_WARN_RANGE_LOOP_ANALYSIS = YES;
				CLANG_WARN_STRICT_PROTOTYPES = YES;
				CLANG_WARN_SUSPICIOUS_MOVE = YES;
				CLANG_WARN_UNGUARDED_AVAILABILITY = YES_AGGRESSIVE;
				CLANG_WARN_UNREACHABLE_CODE = YES;
				CLANG_WARN__DUPLICATE_METHOD_MATCH = YES;
				COPY_PHASE_STRIP = NO;
				DEBUG_INFORMATION_FORMAT = "dwarf-with-dsym";
				ENABLE_NS_ASSERTIONS = NO;
				ENABLE_STRICT_OBJC_MSGSEND = YES;
				GCC_C_LANGUAGE_STANDARD = gnu11;
				GCC_NO_COMMON_BLOCKS = YES;
				GCC_WARN_64_TO_32_BIT_CONVERSION = YES;
				GCC_WARN_ABOUT_RETURN_TYPE = YES_ERROR;
				GCC_WARN_UNDECLARED_SELECTOR = YES;
				GCC_WARN_UNINITIALIZED_AUTOS = YES_AGGRESSIVE;
				GCC_WARN_UNUSED_FUNCTION = YES;
				GCC_WARN_UNUSED_VARIABLE = YES;
				IPHONEOS_DEPLOYMENT_TARGET = 16.0;
				MTL_ENABLE_DEBUG_INFO = NO;
				MTL_FAST_MATH = YES;
				SDKROOT = iphoneos;
				SWIFT_COMPILATION_MODE = wholemodule;
				SWIFT_OPTIMIZATION_LEVEL = "-O";
				VALIDATE_PRODUCT = YES;
			};
			name = Release;
		};
		6B7FCD632C1D391400816D9D /* Debug */ = {
			isa = XCBuildConfiguration;
			buildSettings = {
				ASSETCATALOG_COMPILER_APPICON_NAME = AppIcon;
				ASSETCATALOG_COMPILER_GLOBAL_ACCENT_COLOR_NAME = AccentColor;
				CODE_SIGN_STYLE = Automatic;
				CURRENT_PROJECT_VERSION = 1;
				DEVELOPMENT_ASSET_PATHS = "\"Fruits/Preview Content\"";
				DEVELOPMENT_TEAM = 55KLUDBPYU;
				ENABLE_PREVIEWS = YES;
				GENERATE_INFOPLIST_FILE = YES;
				INFOPLIST_KEY_UIApplicationSceneManifest_Generation = YES;
				INFOPLIST_KEY_UIApplicationSupportsIndirectInputEvents = YES;
				INFOPLIST_KEY_UILaunchScreen_Generation = YES;
				INFOPLIST_KEY_UISupportedInterfaceOrientations_iPad = "UIInterfaceOrientationPortrait UIInterfaceOrientationPortraitUpsideDown UIInterfaceOrientationLandscapeLeft UIInterfaceOrientationLandscapeRight";
				INFOPLIST_KEY_UISupportedInterfaceOrientations_iPhone = "UIInterfaceOrientationPortrait UIInterfaceOrientationLandscapeLeft UIInterfaceOrientationLandscapeRight";
				LD_RUNPATH_SEARCH_PATHS = (
					"$(inherited)",
					"@executable_path/Frameworks",
				);
				MARKETING_VERSION = 1.0;
				PRODUCT_BUNDLE_IDENTIFIER = com.basivi.Fruits;
				PRODUCT_NAME = "$(TARGET_NAME)";
				SWIFT_EMIT_LOC_STRINGS = YES;
				SWIFT_VERSION = 5.0;
				TARGETED_DEVICE_FAMILY = "1,2";
			};
			name = Debug;
		};
		6B7FCD642C1D391400816D9D /* Release */ = {
			isa = XCBuildConfiguration;
			buildSettings = {
				ASSETCATALOG_COMPILER_APPICON_NAME = AppIcon;
				ASSETCATALOG_COMPILER_GLOBAL_ACCENT_COLOR_NAME = AccentColor;
				CODE_SIGN_STYLE = Automatic;
				CURRENT_PROJECT_VERSION = 1;
				DEVELOPMENT_ASSET_PATHS = "\"Fruits/Preview Content\"";
				DEVELOPMENT_TEAM = 55KLUDBPYU;
				ENABLE_PREVIEWS = YES;
				GENERATE_INFOPLIST_FILE = YES;
				INFOPLIST_KEY_UIApplicationSceneManifest_Generation = YES;
				INFOPLIST_KEY_UIApplicationSupportsIndirectInputEvents = YES;
				INFOPLIST_KEY_UILaunchScreen_Generation = YES;
				INFOPLIST_KEY_UISupportedInterfaceOrientations_iPad = "UIInterfaceOrientationPortrait UIInterfaceOrientationPortraitUpsideDown UIInterfaceOrientationLandscapeLeft UIInterfaceOrientationLandscapeRight";
				INFOPLIST_KEY_UISupportedInterfaceOrientations_iPhone = "UIInterfaceOrientationPortrait UIInterfaceOrientationLandscapeLeft UIInterfaceOrientationLandscapeRight";
				LD_RUNPATH_SEARCH_PATHS = (
					"$(inherited)",
					"@executable_path/Frameworks",
				);
				MARKETING_VERSION = 1.0;
				PRODUCT_BUNDLE_IDENTIFIER = com.basivi.Fruits;
				PRODUCT_NAME = "$(TARGET_NAME)";
				SWIFT_EMIT_LOC_STRINGS = YES;
				SWIFT_VERSION = 5.0;
				TARGETED_DEVICE_FAMILY = "1,2";
			};
			name = Release;
		};
/* End XCBuildConfiguration section */

/* Begin XCConfigurationList section */
		6B7FCD4F2C1D391300816D9D /* Build configuration list for PBXProject "Fruits" */ = {
			isa = XCConfigurationList;
			buildConfigurations = (
				6B7FCD602C1D391400816D9D /* Debug */,
				6B7FCD612C1D391400816D9D /* Release */,
			);
			defaultConfigurationIsVisible = 0;
			defaultConfigurationName = Release;
		};
		6B7FCD622C1D391400816D9D /* Build configuration list for PBXNativeTarget "Fruits" */ = {
			isa = XCConfigurationList;
			buildConfigurations = (
				6B7FCD632C1D391400816D9D /* Debug */,
				6B7FCD642C1D391400816D9D /* Release */,
			);
			defaultConfigurationIsVisible = 0;
			defaultConfigurationName = Release;
		};
/* End XCConfigurationList section */
	};
	rootObject = 6B7FCD4C2C1D391300816D9D /* Project object */;
}
